
Microsoft Visual Studio Solution File, Format Version 12.00
# Visual Studio Version 16
VisualStudioVersion = 16.0.30128.36
MinimumVisualStudioVersion = 10.0.40219.1
Project("{FAE04EC0-301F-11D3-BF4B-00C04F79EFBC}") = "Factorial.Generator", "Generator\Factorial.Generator.csproj", "{DD9B4F3F-C991-4EC6-8CF7-DF83B38D622F}"
EndProject
Global
	GlobalSection(SolutionConfigurationPlatforms) = preSolution
		Debug|Any CPU = Debug|Any CPU
		Release|Any CPU = Release|Any CPU
	EndGlobalSection
	GlobalSection(ProjectConfigurationPlatforms) = postSolution
		{DD9B4F3F-C991-4EC6-8CF7-DF83B38D622F}.Debug|Any CPU.ActiveCfg = Debug|Any CPU
		{DD9B4F3F-C991-4EC6-8CF7-DF83B38D622F}.Debug|Any CPU.Build.0 = Debug|Any CPU
		{DD9B4F3F-C991-4EC6-8CF7-DF83B38D622F}.Release|Any CPU.ActiveCfg = Release|Any CPU
		{DD9B4F3F-C991-4EC6-8CF7-DF83B38D622F}.Release|Any CPU.Build.0 = Release|Any CPU
	EndGlobalSection
	GlobalSection(SolutionProperties) = preSolution
		HideSolutionNode = FALSE
	EndGlobalSection
	GlobalSection(ExtensibilityGlobals) = postSolution
		SolutionGuid = {581CDB87-F5D0-40F0-847D-7D42ABB285B6}
	EndGlobalSection
EndGlobal
